
Microsoft Visual Studio Solution File, Format Version 12.00
# Visual Studio Version 17
VisualStudioVersion = 17.12.35707.178 d17.12
MinimumVisualStudioVersion = 10.0.40219.1
Project("{FAE04EC0-301F-11D3-BF4B-00C04F79EFBC}") = "Demo3.PL", "Demo3.Pl\Demo3.PL.csproj", "{DA3085FE-1C71-4A56-BBE3-9D957898C7C1}"
EndProject
Project("{FAE04EC0-301F-11D3-BF4B-00C04F79EFBC}") = "Demo3.BLL", "Demo3.BLL\Demo3.BLL.csproj", "{5BF4707A-00EA-4191-92EA-C034BB7B6B04}"
EndProject
Project("{FAE04EC0-301F-11D3-BF4B-00C04F79EFBC}") = "Demo3.DAL", "Demo3.DAL\Demo3.DAL.csproj", "{7C3BA620-93F5-4335-AEB0-5792FBDC0154}"
EndProject
Global
	GlobalSection(SolutionConfigurationPlatforms) = preSolution
		Debug|Any CPU = Debug|Any CPU
		Release|Any CPU = Release|Any CPU
	EndGlobalSection
	GlobalSection(ProjectConfigurationPlatforms) = postSolution
		{DA3085FE-1C71-4A56-BBE3-9D957898C7C1}.Debug|Any CPU.ActiveCfg = Debug|Any CPU
		{DA3085FE-1C71-4A56-BBE3-9D957898C7C1}.Debug|Any CPU.Build.0 = Debug|Any CPU
		{DA3085FE-1C71-4A56-BBE3-9D957898C7C1}.Release|Any CPU.ActiveCfg = Release|Any CPU
		{DA3085FE-1C71-4A56-BBE3-9D957898C7C1}.Release|Any CPU.Build.0 = Release|Any CPU
		{5BF4707A-00EA-4191-92EA-C034BB7B6B04}.Debug|Any CPU.ActiveCfg = Debug|Any CPU
		{5BF4707A-00EA-4191-92EA-C034BB7B6B04}.Debug|Any CPU.Build.0 = Debug|Any CPU
		{5BF4707A-00EA-4191-92EA-C034BB7B6B04}.Release|Any CPU.ActiveCfg = Release|Any CPU
		{5BF4707A-00EA-4191-92EA-C034BB7B6B04}.Release|Any CPU.Build.0 = Release|Any CPU
		{7C3BA620-93F5-4335-AEB0-5792FBDC0154}.Debug|Any CPU.ActiveCfg = Debug|Any CPU
		{7C3BA620-93F5-4335-AEB0-5792FBDC0154}.Debug|Any CPU.Build.0 = Debug|Any CPU
		{7C3BA620-93F5-4335-AEB0-5792FBDC0154}.Release|Any CPU.ActiveCfg = Release|Any CPU
		{7C3BA620-93F5-4335-AEB0-5792FBDC0154}.Release|Any CPU.Build.0 = Release|Any CPU
	EndGlobalSection
	GlobalSection(SolutionProperties) = preSolution
		HideSolutionNode = FALSE
	EndGlobalSection
EndGlobal
